
Microsoft Visual Studio Solution File, Format Version 12.00
# Visual Studio Version 16
VisualStudioVersion = 16.0.30114.105
MinimumVisualStudioVersion = 10.0.40219.1
Project("{FAE04EC0-301F-11D3-BF4B-00C04F79EFBC}") = "lb2_1", "lb2_1\lb2_1.csproj", "{1FDBE7DE-C8D7-4182-BF8E-08345E3D8CDD}"
EndProject
Project("{FAE04EC0-301F-11D3-BF4B-00C04F79EFBC}") = "lb2_2", "lb2_2\lb2_2.csproj", "{A466C063-2598-45EE-931B-9B47C2506DE5}"
EndProject
Project("{FAE04EC0-301F-11D3-BF4B-00C04F79EFBC}") = "lb3", "lb3\lb3.csproj", "{0A50FD0C-DCC6-4118-83D1-2160C525E989}"
EndProject
Project("{FAE04EC0-301F-11D3-BF4B-00C04F79EFBC}") = "dz1", "dz1\dz1.csproj", "{D5BE9BB0-DBA3-4AF4-BC56-2B20618AFBBC}"
EndProject
Project("{FAE04EC0-301F-11D3-BF4B-00C04F79EFBC}") = "lb8", "lb8\lb8.csproj", "{7103150D-E493-4504-ACAD-E5A018D40984}"
EndProject
Project("{FAE04EC0-301F-11D3-BF4B-00C04F79EFBC}") = "lb7", "lb7\lb7.csproj", "{35EFA0F9-21D4-49B3-B875-A52F8A0EFA18}"
EndProject
Project("{FAE04EC0-301F-11D3-BF4B-00C04F79EFBC}") = "lb9", "lb9\lb9.csproj", "{E345A524-5A37-48CF-A70B-EA1CCD26C22C}"
EndProject
Project("{FAE04EC0-301F-11D3-BF4B-00C04F79EFBC}") = "lb1", "lb1\lb1.csproj", "{E8C04424-E679-41A4-B381-A5694E5C9D74}"
EndProject
Global
	GlobalSection(SolutionConfigurationPlatforms) = preSolution
		Debug|Any CPU = Debug|Any CPU
		Debug|x64 = Debug|x64
		Debug|x86 = Debug|x86
		Release|Any CPU = Release|Any CPU
		Release|x64 = Release|x64
		Release|x86 = Release|x86
	EndGlobalSection
	GlobalSection(SolutionProperties) = preSolution
		HideSolutionNode = FALSE
	EndGlobalSection
	GlobalSection(ProjectConfigurationPlatforms) = postSolution
		{1FDBE7DE-C8D7-4182-BF8E-08345E3D8CDD}.Debug|Any CPU.ActiveCfg = Debug|Any CPU
		{1FDBE7DE-C8D7-4182-BF8E-08345E3D8CDD}.Debug|Any CPU.Build.0 = Debug|Any CPU
		{1FDBE7DE-C8D7-4182-BF8E-08345E3D8CDD}.Debug|x64.ActiveCfg = Debug|Any CPU
		{1FDBE7DE-C8D7-4182-BF8E-08345E3D8CDD}.Debug|x64.Build.0 = Debug|Any CPU
		{1FDBE7DE-C8D7-4182-BF8E-08345E3D8CDD}.Debug|x86.ActiveCfg = Debug|Any CPU
		{1FDBE7DE-C8D7-4182-BF8E-08345E3D8CDD}.Debug|x86.Build.0 = Debug|Any CPU
		{1FDBE7DE-C8D7-4182-BF8E-08345E3D8CDD}.Release|Any CPU.ActiveCfg = Release|Any CPU
		{1FDBE7DE-C8D7-4182-BF8E-08345E3D8CDD}.Release|Any CPU.Build.0 = Release|Any CPU
		{1FDBE7DE-C8D7-4182-BF8E-08345E3D8CDD}.Release|x64.ActiveCfg = Release|Any CPU
		{1FDBE7DE-C8D7-4182-BF8E-08345E3D8CDD}.Release|x64.Build.0 = Release|Any CPU
		{1FDBE7DE-C8D7-4182-BF8E-08345E3D8CDD}.Release|x86.ActiveCfg = Release|Any CPU
		{1FDBE7DE-C8D7-4182-BF8E-08345E3D8CDD}.Release|x86.Build.0 = Release|Any CPU
		{A466C063-2598-45EE-931B-9B47C2506DE5}.Debug|Any CPU.ActiveCfg = Debug|Any CPU
		{A466C063-2598-45EE-931B-9B47C2506DE5}.Debug|Any CPU.Build.0 = Debug|Any CPU
		{A466C063-2598-45EE-931B-9B47C2506DE5}.Debug|x64.ActiveCfg = Debug|Any CPU
		{A466C063-2598-45EE-931B-9B47C2506DE5}.Debug|x64.Build.0 = Debug|Any CPU
		{A466C063-2598-45EE-931B-9B47C2506DE5}.Debug|x86.ActiveCfg = Debug|Any CPU
		{A466C063-2598-45EE-931B-9B47C2506DE5}.Debug|x86.Build.0 = Debug|Any CPU
		{A466C063-2598-45EE-931B-9B47C2506DE5}.Release|Any CPU.ActiveCfg = Release|Any CPU
		{A466C063-2598-45EE-931B-9B47C2506DE5}.Release|Any CPU.Build.0 = Release|Any CPU
		{A466C063-2598-45EE-931B-9B47C2506DE5}.Release|x64.ActiveCfg = Release|Any CPU
		{A466C063-2598-45EE-931B-9B47C2506DE5}.Release|x64.Build.0 = Release|Any CPU
		{A466C063-2598-45EE-931B-9B47C2506DE5}.Release|x86.ActiveCfg = Release|Any CPU
		{A466C063-2598-45EE-931B-9B47C2506DE5}.Release|x86.Build.0 = Release|Any CPU
		{0A50FD0C-DCC6-4118-83D1-2160C525E989}.Debug|Any CPU.ActiveCfg = Debug|Any CPU
		{0A50FD0C-DCC6-4118-83D1-2160C525E989}.Debug|Any CPU.Build.0 = Debug|Any CPU
		{0A50FD0C-DCC6-4118-83D1-2160C525E989}.Debug|x64.ActiveCfg = Debug|Any CPU
		{0A50FD0C-DCC6-4118-83D1-2160C525E989}.Debug|x64.Build.0 = Debug|Any CPU
		{0A50FD0C-DCC6-4118-83D1-2160C525E989}.Debug|x86.ActiveCfg = Debug|Any CPU
		{0A50FD0C-DCC6-4118-83D1-2160C525E989}.Debug|x86.Build.0 = Debug|Any CPU
		{0A50FD0C-DCC6-4118-83D1-2160C525E989}.Release|Any CPU.ActiveCfg = Release|Any CPU
		{0A50FD0C-DCC6-4118-83D1-2160C525E989}.Release|Any CPU.Build.0 = Release|Any CPU
		{0A50FD0C-DCC6-4118-83D1-2160C525E989}.Release|x64.ActiveCfg = Release|Any CPU
		{0A50FD0C-DCC6-4118-83D1-2160C525E989}.Release|x64.Build.0 = Release|Any CPU
		{0A50FD0C-DCC6-4118-83D1-2160C525E989}.Release|x86.ActiveCfg = Release|Any CPU
		{0A50FD0C-DCC6-4118-83D1-2160C525E989}.Release|x86.Build.0 = Release|Any CPU
		{D5BE9BB0-DBA3-4AF4-BC56-2B20618AFBBC}.Debug|Any CPU.ActiveCfg = Debug|Any CPU
		{D5BE9BB0-DBA3-4AF4-BC56-2B20618AFBBC}.Debug|Any CPU.Build.0 = Debug|Any CPU
		{D5BE9BB0-DBA3-4AF4-BC56-2B20618AFBBC}.Debug|x64.ActiveCfg = Debug|Any CPU
		{D5BE9BB0-DBA3-4AF4-BC56-2B20618AFBBC}.Debug|x64.Build.0 = Debug|Any CPU
		{D5BE9BB0-DBA3-4AF4-BC56-2B20618AFBBC}.Debug|x86.ActiveCfg = Debug|Any CPU
		{D5BE9BB0-DBA3-4AF4-BC56-2B20618AFBBC}.Debug|x86.Build.0 = Debug|Any CPU
		{D5BE9BB0-DBA3-4AF4-BC56-2B20618AFBBC}.Release|Any CPU.ActiveCfg = Release|Any CPU
		{D5BE9BB0-DBA3-4AF4-BC56-2B20618AFBBC}.Release|Any CPU.Build.0 = Release|Any CPU
		{D5BE9BB0-DBA3-4AF4-BC56-2B20618AFBBC}.Release|x64.ActiveCfg = Release|Any CPU
		{D5BE9BB0-DBA3-4AF4-BC56-2B20618AFBBC}.Release|x64.Build.0 = Release|Any CPU
		{D5BE9BB0-DBA3-4AF4-BC56-2B20618AFBBC}.Release|x86.ActiveCfg = Release|Any CPU
		{D5BE9BB0-DBA3-4AF4-BC56-2B20618AFBBC}.Release|x86.Build.0 = Release|Any CPU
		{7103150D-E493-4504-ACAD-E5A018D40984}.Debug|Any CPU.ActiveCfg = Debug|Any CPU
		{7103150D-E493-4504-ACAD-E5A018D40984}.Debug|Any CPU.Build.0 = Debug|Any CPU
		{7103150D-E493-4504-ACAD-E5A018D40984}.Debug|x64.ActiveCfg = Debug|Any CPU
		{7103150D-E493-4504-ACAD-E5A018D40984}.Debug|x64.Build.0 = Debug|Any CPU
		{7103150D-E493-4504-ACAD-E5A018D40984}.Debug|x86.ActiveCfg = Debug|Any CPU
		{7103150D-E493-4504-ACAD-E5A018D40984}.Debug|x86.Build.0 = Debug|Any CPU
		{7103150D-E493-4504-ACAD-E5A018D40984}.Release|Any CPU.ActiveCfg = Release|Any CPU
		{7103150D-E493-4504-ACAD-E5A018D40984}.Release|Any CPU.Build.0 = Release|Any CPU
		{7103150D-E493-4504-ACAD-E5A018D40984}.Release|x64.ActiveCfg = Release|Any CPU
		{7103150D-E493-4504-ACAD-E5A018D40984}.Release|x64.Build.0 = Release|Any CPU
		{7103150D-E493-4504-ACAD-E5A018D40984}.Release|x86.ActiveCfg = Release|Any CPU
		{7103150D-E493-4504-ACAD-E5A018D40984}.Release|x86.Build.0 = Release|Any CPU
		{35EFA0F9-21D4-49B3-B875-A52F8A0EFA18}.Debug|Any CPU.ActiveCfg = Debug|Any CPU
		{35EFA0F9-21D4-49B3-B875-A52F8A0EFA18}.Debug|Any CPU.Build.0 = Debug|Any CPU
		{35EFA0F9-21D4-49B3-B875-A52F8A0EFA18}.Debug|x64.ActiveCfg = Debug|Any CPU
		{35EFA0F9-21D4-49B3-B875-A52F8A0EFA18}.Debug|x64.Build.0 = Debug|Any CPU
		{35EFA0F9-21D4-49B3-B875-A52F8A0EFA18}.Debug|x86.ActiveCfg = Debug|Any CPU
		{35EFA0F9-21D4-49B3-B875-A52F8A0EFA18}.Debug|x86.Build.0 = Debug|Any CPU
		{35EFA0F9-21D4-49B3-B875-A52F8A0EFA18}.Release|Any CPU.ActiveCfg = Release|Any CPU
		{35EFA0F9-21D4-49B3-B875-A52F8A0EFA18}.Release|Any CPU.Build.0 = Release|Any CPU
		{35EFA0F9-21D4-49B3-B875-A52F8A0EFA18}.Release|x64.ActiveCfg = Release|Any CPU
		{35EFA0F9-21D4-49B3-B875-A52F8A0EFA18}.Release|x64.Build.0 = Release|Any CPU
		{35EFA0F9-21D4-49B3-B875-A52F8A0EFA18}.Release|x86.ActiveCfg = Release|Any CPU
		{35EFA0F9-21D4-49B3-B875-A52F8A0EFA18}.Release|x86.Build.0 = Release|Any CPU
		{E345A524-5A37-48CF-A70B-EA1CCD26C22C}.Debug|Any CPU.ActiveCfg = Debug|Any CPU
		{E345A524-5A37-48CF-A70B-EA1CCD26C22C}.Debug|Any CPU.Build.0 = Debug|Any CPU
		{E345A524-5A37-48CF-A70B-EA1CCD26C22C}.Debug|x64.ActiveCfg = Debug|Any CPU
		{E345A524-5A37-48CF-A70B-EA1CCD26C22C}.Debug|x64.Build.0 = Debug|Any CPU
		{E345A524-5A37-48CF-A70B-EA1CCD26C22C}.Debug|x86.ActiveCfg = Debug|Any CPU
		{E345A524-5A37-48CF-A70B-EA1CCD26C22C}.Debug|x86.Build.0 = Debug|Any CPU
		{E345A524-5A37-48CF-A70B-EA1CCD26C22C}.Release|Any CPU.ActiveCfg = Release|Any CPU
		{E345A524-5A37-48CF-A70B-EA1CCD26C22C}.Release|Any CPU.Build.0 = Release|Any CPU
		{E345A524-5A37-48CF-A70B-EA1CCD26C22C}.Release|x64.ActiveCfg = Release|Any CPU
		{E345A524-5A37-48CF-A70B-EA1CCD26C22C}.Release|x64.Build.0 = Release|Any CPU
		{E345A524-5A37-48CF-A70B-EA1CCD26C22C}.Release|x86.ActiveCfg = Release|Any CPU
		{E345A524-5A37-48CF-A70B-EA1CCD26C22C}.Release|x86.Build.0 = Release|Any CPU
		{E8C04424-E679-41A4-B381-A5694E5C9D74}.Debug|Any CPU.ActiveCfg = Debug|Any CPU
		{E8C04424-E679-41A4-B381-A5694E5C9D74}.Debug|Any CPU.Build.0 = Debug|Any CPU
		{E8C04424-E679-41A4-B381-A5694E5C9D74}.Debug|x64.ActiveCfg = Debug|Any CPU
		{E8C04424-E679-41A4-B381-A5694E5C9D74}.Debug|x64.Build.0 = Debug|Any CPU
		{E8C04424-E679-41A4-B381-A5694E5C9D74}.Debug|x86.ActiveCfg = Debug|Any CPU
		{E8C04424-E679-41A4-B381-A5694E5C9D74}.Debug|x86.Build.0 = Debug|Any CPU
		{E8C04424-E679-41A4-B381-A5694E5C9D74}.Release|Any CPU.ActiveCfg = Release|Any CPU
		{E8C04424-E679-41A4-B381-A5694E5C9D74}.Release|Any CPU.Build.0 = Release|Any CPU
		{E8C04424-E679-41A4-B381-A5694E5C9D74}.Release|x64.ActiveCfg = Release|Any CPU
		{E8C04424-E679-41A4-B381-A5694E5C9D74}.Release|x64.Build.0 = Release|Any CPU
		{E8C04424-E679-41A4-B381-A5694E5C9D74}.Release|x86.ActiveCfg = Release|Any CPU
		{E8C04424-E679-41A4-B381-A5694E5C9D74}.Release|x86.Build.0 = Release|Any CPU
	EndGlobalSection
EndGlobal
